
Microsoft Visual Studio Solution File, Format Version 12.00
# Visual Studio Version 17
VisualStudioVersion = 17.2.32630.192
MinimumVisualStudioVersion = 10.0.40219.1
Project("{9A19103F-16F7-4668-BE54-9A1E7A4F7556}") = "NewGO.Integration.WorkService", "src\NewGO.Integration.WorkService\NewGO.Integration.WorkService.csproj", "{20F775BC-9834-449E-B5F4-BEB74F929348}"
EndProject
Project("{2150E333-8FDC-42A3-9474-1A3956D46DE8}") = "solution items", "solution items", "{35A24690-0B30-4C1E-9DFA-05143E591D30}"
	ProjectSection(SolutionItems) = preProject
		.editorconfig = .editorconfig
		global.json = global.json
	EndProjectSection
EndProject
Project("{2150E333-8FDC-42A3-9474-1A3956D46DE8}") = "src", "src", "{68105D8C-967A-4B33-A6E4-A262CD6B4EF5}"
EndProject
Project("{2150E333-8FDC-42A3-9474-1A3956D46DE8}") = "tests", "tests", "{B5AFBA4C-4EEE-4BF0-B820-0AE6E35395D7}"
EndProject
Project("{FAE04EC0-301F-11D3-BF4B-00C04F79EFBC}") = "Keeggo.Integration.Test", "tests\Keeggo.Integration.Test\Keeggo.Integration.Test.csproj", "{8B54FC7E-3B54-4182-9EF9-C360E4602C91}"
EndProject
Project("{FAE04EC0-301F-11D3-BF4B-00C04F79EFBC}") = "Keeggo.Integration.Test.Help", "tests\Keeggo.Integration.Test.Help\Keeggo.Integration.Test.Help.csproj", "{526650D6-0C48-4F1C-B687-ECEC9B06E9C6}"
EndProject
Project("{2150E333-8FDC-42A3-9474-1A3956D46DE8}") = "1 - Client", "1 - Client", "{83BF0761-9F06-4979-9515-D72986E886F2}"
EndProject
Project("{2150E333-8FDC-42A3-9474-1A3956D46DE8}") = "2 - Application", "2 - Application", "{2BFA8E4B-564E-460F-AC13-DC2C7080335A}"
EndProject
Project("{2150E333-8FDC-42A3-9474-1A3956D46DE8}") = "3 - Domain", "3 - Domain", "{0B54DC89-928F-47EE-BB4A-598CCC8FAFAF}"
EndProject
Project("{2150E333-8FDC-42A3-9474-1A3956D46DE8}") = "4 - Data", "4 - Data", "{7EE04579-DA24-4936-A28D-B16A64AE0934}"
EndProject
Project("{2150E333-8FDC-42A3-9474-1A3956D46DE8}") = "5 - DistributedService", "5 - DistributedService", "{88B2B305-4B72-45AD-92F6-3E6AA8C0D374}"
EndProject
Project("{2150E333-8FDC-42A3-9474-1A3956D46DE8}") = "8 - Cross-Cuttings", "8 - Cross-Cuttings", "{EB08EEC5-1678-4DEC-83BE-7792E4E5B18A}"
EndProject
Project("{2150E333-8FDC-42A3-9474-1A3956D46DE8}") = "1.1 - WorkService", "1.1 - WorkService", "{58B0EB7C-1436-44D4-8957-4CE46A400F8D}"
EndProject
Project("{FAE04EC0-301F-11D3-BF4B-00C04F79EFBC}") = "NewGO.Integration.Application", "src\NewGO.Integration.Application\NewGO.Integration.Application.csproj", "{A6FDF4D0-5184-4ECE-94E7-C160B0972A72}"
EndProject
Project("{FAE04EC0-301F-11D3-BF4B-00C04F79EFBC}") = "NewGO.Integration.Domain", "src\NewGo.Integration.Domain\NewGO.Integration.Domain.csproj", "{4E71800B-60B9-4B3A-A42C-5E3557A7F43C}"
EndProject
Project("{FAE04EC0-301F-11D3-BF4B-00C04F79EFBC}") = "NewGO.Integration.Model", "src\NewGO.Integration.Model\NewGO.Integration.Model.csproj", "{CE7B3EBE-2D86-4525-BA2C-B8D2641EB6B6}"
EndProject
Project("{FAE04EC0-301F-11D3-BF4B-00C04F79EFBC}") = "NewGO.Integration.Model.Map", "src\NewGO.Integration.Model.Map\NewGO.Integration.Model.Map.csproj", "{2E81C8A9-3A8A-48DE-A5DE-1DD714B38465}"
EndProject
Project("{FAE04EC0-301F-11D3-BF4B-00C04F79EFBC}") = "NewGO.Integration.Data", "src\NewGO.Integration.Data\NewGO.Integration.Data.csproj", "{082B21A4-F17F-4F64-A6C0-E9B9038A81C3}"
EndProject
Project("{FAE04EC0-301F-11D3-BF4B-00C04F79EFBC}") = "NewGO.Integration.DistributedService", "src\NewGO.Integration.DistributedService\NewGO.Integration.DistributedService.csproj", "{E68FF125-D294-4BE3-8C8A-063AD2CC562C}"
EndProject
Project("{FAE04EC0-301F-11D3-BF4B-00C04F79EFBC}") = "NewGO.Integration.Infra", "src\NewGO.Integration.Infra\NewGO.Integration.Infra.csproj", "{5C486B38-3BB1-4BD2-9AB6-5B6B787FFF13}"
EndProject
Project("{FAE04EC0-301F-11D3-BF4B-00C04F79EFBC}") = "NewGO.Integration.Infra.IoC", "src\NewGO.Integration.Infra.IoC\NewGO.Integration.Infra.IoC.csproj", "{51F174F7-B333-4800-B0D4-6E44EE5DC169}"
EndProject
Global
	GlobalSection(SolutionConfigurationPlatforms) = preSolution
		Debug|Any CPU = Debug|Any CPU
		Release|Any CPU = Release|Any CPU
	EndGlobalSection
	GlobalSection(ProjectConfigurationPlatforms) = postSolution
		{20F775BC-9834-449E-B5F4-BEB74F929348}.Debug|Any CPU.ActiveCfg = Debug|Any CPU
		{20F775BC-9834-449E-B5F4-BEB74F929348}.Debug|Any CPU.Build.0 = Debug|Any CPU
		{20F775BC-9834-449E-B5F4-BEB74F929348}.Release|Any CPU.ActiveCfg = Release|Any CPU
		{20F775BC-9834-449E-B5F4-BEB74F929348}.Release|Any CPU.Build.0 = Release|Any CPU
		{8B54FC7E-3B54-4182-9EF9-C360E4602C91}.Debug|Any CPU.ActiveCfg = Debug|Any CPU
		{8B54FC7E-3B54-4182-9EF9-C360E4602C91}.Debug|Any CPU.Build.0 = Debug|Any CPU
		{8B54FC7E-3B54-4182-9EF9-C360E4602C91}.Release|Any CPU.ActiveCfg = Release|Any CPU
		{8B54FC7E-3B54-4182-9EF9-C360E4602C91}.Release|Any CPU.Build.0 = Release|Any CPU
		{526650D6-0C48-4F1C-B687-ECEC9B06E9C6}.Debug|Any CPU.ActiveCfg = Debug|Any CPU
		{526650D6-0C48-4F1C-B687-ECEC9B06E9C6}.Debug|Any CPU.Build.0 = Debug|Any CPU
		{526650D6-0C48-4F1C-B687-ECEC9B06E9C6}.Release|Any CPU.ActiveCfg = Release|Any CPU
		{526650D6-0C48-4F1C-B687-ECEC9B06E9C6}.Release|Any CPU.Build.0 = Release|Any CPU
		{A6FDF4D0-5184-4ECE-94E7-C160B0972A72}.Debug|Any CPU.ActiveCfg = Debug|Any CPU
		{A6FDF4D0-5184-4ECE-94E7-C160B0972A72}.Debug|Any CPU.Build.0 = Debug|Any CPU
		{A6FDF4D0-5184-4ECE-94E7-C160B0972A72}.Release|Any CPU.ActiveCfg = Release|Any CPU
		{A6FDF4D0-5184-4ECE-94E7-C160B0972A72}.Release|Any CPU.Build.0 = Release|Any CPU
		{4E71800B-60B9-4B3A-A42C-5E3557A7F43C}.Debug|Any CPU.ActiveCfg = Debug|Any CPU
		{4E71800B-60B9-4B3A-A42C-5E3557A7F43C}.Debug|Any CPU.Build.0 = Debug|Any CPU
		{4E71800B-60B9-4B3A-A42C-5E3557A7F43C}.Release|Any CPU.ActiveCfg = Release|Any CPU
		{4E71800B-60B9-4B3A-A42C-5E3557A7F43C}.Release|Any CPU.Build.0 = Release|Any CPU
		{CE7B3EBE-2D86-4525-BA2C-B8D2641EB6B6}.Debug|Any CPU.ActiveCfg = Debug|Any CPU
		{CE7B3EBE-2D86-4525-BA2C-B8D2641EB6B6}.Debug|Any CPU.Build.0 = Debug|Any CPU
		{CE7B3EBE-2D86-4525-BA2C-B8D2641EB6B6}.Release|Any CPU.ActiveCfg = Release|Any CPU
		{CE7B3EBE-2D86-4525-BA2C-B8D2641EB6B6}.Release|Any CPU.Build.0 = Release|Any CPU
		{2E81C8A9-3A8A-48DE-A5DE-1DD714B38465}.Debug|Any CPU.ActiveCfg = Debug|Any CPU
		{2E81C8A9-3A8A-48DE-A5DE-1DD714B38465}.Debug|Any CPU.Build.0 = Debug|Any CPU
		{2E81C8A9-3A8A-48DE-A5DE-1DD714B38465}.Release|Any CPU.ActiveCfg = Release|Any CPU
		{2E81C8A9-3A8A-48DE-A5DE-1DD714B38465}.Release|Any CPU.Build.0 = Release|Any CPU
		{082B21A4-F17F-4F64-A6C0-E9B9038A81C3}.Debug|Any CPU.ActiveCfg = Debug|Any CPU
		{082B21A4-F17F-4F64-A6C0-E9B9038A81C3}.Debug|Any CPU.Build.0 = Debug|Any CPU
		{082B21A4-F17F-4F64-A6C0-E9B9038A81C3}.Release|Any CPU.ActiveCfg = Release|Any CPU
		{082B21A4-F17F-4F64-A6C0-E9B9038A81C3}.Release|Any CPU.Build.0 = Release|Any CPU
		{E68FF125-D294-4BE3-8C8A-063AD2CC562C}.Debug|Any CPU.ActiveCfg = Debug|Any CPU
		{E68FF125-D294-4BE3-8C8A-063AD2CC562C}.Debug|Any CPU.Build.0 = Debug|Any CPU
		{E68FF125-D294-4BE3-8C8A-063AD2CC562C}.Release|Any CPU.ActiveCfg = Release|Any CPU
		{E68FF125-D294-4BE3-8C8A-063AD2CC562C}.Release|Any CPU.Build.0 = Release|Any CPU
		{5C486B38-3BB1-4BD2-9AB6-5B6B787FFF13}.Debug|Any CPU.ActiveCfg = Debug|Any CPU
		{5C486B38-3BB1-4BD2-9AB6-5B6B787FFF13}.Debug|Any CPU.Build.0 = Debug|Any CPU
		{5C486B38-3BB1-4BD2-9AB6-5B6B787FFF13}.Release|Any CPU.ActiveCfg = Release|Any CPU
		{5C486B38-3BB1-4BD2-9AB6-5B6B787FFF13}.Release|Any CPU.Build.0 = Release|Any CPU
		{51F174F7-B333-4800-B0D4-6E44EE5DC169}.Debug|Any CPU.ActiveCfg = Debug|Any CPU
		{51F174F7-B333-4800-B0D4-6E44EE5DC169}.Debug|Any CPU.Build.0 = Debug|Any CPU
		{51F174F7-B333-4800-B0D4-6E44EE5DC169}.Release|Any CPU.ActiveCfg = Release|Any CPU
		{51F174F7-B333-4800-B0D4-6E44EE5DC169}.Release|Any CPU.Build.0 = Release|Any CPU
	EndGlobalSection
	GlobalSection(SolutionProperties) = preSolution
		HideSolutionNode = FALSE
	EndGlobalSection
	GlobalSection(NestedProjects) = preSolution
		{20F775BC-9834-449E-B5F4-BEB74F929348} = {58B0EB7C-1436-44D4-8957-4CE46A400F8D}
		{8B54FC7E-3B54-4182-9EF9-C360E4602C91} = {B5AFBA4C-4EEE-4BF0-B820-0AE6E35395D7}
		{526650D6-0C48-4F1C-B687-ECEC9B06E9C6} = {B5AFBA4C-4EEE-4BF0-B820-0AE6E35395D7}
		{83BF0761-9F06-4979-9515-D72986E886F2} = {68105D8C-967A-4B33-A6E4-A262CD6B4EF5}
		{2BFA8E4B-564E-460F-AC13-DC2C7080335A} = {68105D8C-967A-4B33-A6E4-A262CD6B4EF5}
		{0B54DC89-928F-47EE-BB4A-598CCC8FAFAF} = {68105D8C-967A-4B33-A6E4-A262CD6B4EF5}
		{7EE04579-DA24-4936-A28D-B16A64AE0934} = {68105D8C-967A-4B33-A6E4-A262CD6B4EF5}
		{88B2B305-4B72-45AD-92F6-3E6AA8C0D374} = {68105D8C-967A-4B33-A6E4-A262CD6B4EF5}
		{EB08EEC5-1678-4DEC-83BE-7792E4E5B18A} = {68105D8C-967A-4B33-A6E4-A262CD6B4EF5}
		{58B0EB7C-1436-44D4-8957-4CE46A400F8D} = {83BF0761-9F06-4979-9515-D72986E886F2}
		{A6FDF4D0-5184-4ECE-94E7-C160B0972A72} = {2BFA8E4B-564E-460F-AC13-DC2C7080335A}
		{4E71800B-60B9-4B3A-A42C-5E3557A7F43C} = {0B54DC89-928F-47EE-BB4A-598CCC8FAFAF}
		{CE7B3EBE-2D86-4525-BA2C-B8D2641EB6B6} = {0B54DC89-928F-47EE-BB4A-598CCC8FAFAF}
		{2E81C8A9-3A8A-48DE-A5DE-1DD714B38465} = {0B54DC89-928F-47EE-BB4A-598CCC8FAFAF}
		{082B21A4-F17F-4F64-A6C0-E9B9038A81C3} = {7EE04579-DA24-4936-A28D-B16A64AE0934}
		{E68FF125-D294-4BE3-8C8A-063AD2CC562C} = {88B2B305-4B72-45AD-92F6-3E6AA8C0D374}
		{5C486B38-3BB1-4BD2-9AB6-5B6B787FFF13} = {EB08EEC5-1678-4DEC-83BE-7792E4E5B18A}
		{51F174F7-B333-4800-B0D4-6E44EE5DC169} = {EB08EEC5-1678-4DEC-83BE-7792E4E5B18A}
	EndGlobalSection
	GlobalSection(ExtensibilityGlobals) = postSolution
		SolutionGuid = {0123DA67-77A3-4411-890F-D45393D34708}
	EndGlobalSection
EndGlobal
